<?xml version="1.0" encoding="utf-8"?>
<Project ToolsVersion="4.0" xmlns="http://schemas.microsoft.com/developer/msbuild/2003">
  <ItemGroup>
    <Filter Include="Source Files">
      <UniqueIdentifier>{4FC737F1-C7A5-4376-A066-2A32D752A2FF}</UniqueIdentifier>
      <Extensions>cpp;c;cc;cxx;c++;cppm;ixx;def;odl;idl;hpj;bat;asm;asmx</Extensions>
    </Filter>
    <Filter Include="Header Files">
      <UniqueIdentifier>{93995380-89BD-4b04-88EB-625FBE52EBFB}</UniqueIdentifier>
      <Extensions>h;hh;hpp;hxx;h++;hm;inl;inc;ipp;xsd</Extensions>
    </Filter>
    <Filter Include="Resource Files">
      <UniqueIdentifier>{67DA6AB6-F800-4c08-8B7A-83BB121AAD01}</UniqueIdentifier>
      <Extensions>rc;ico;cur;bmp;dlg;rc2;rct;bin;rgs;gif;jpg;jpeg;jpe;resx;tiff;tif;png;wav;mfcribbon-ms</Extensions>
    </Filter>
    <Filter Include="Header Files\World">
      <UniqueIdentifier>{c710913e-a61c-4d85-add3-0ef351be1bf3}</UniqueIdentifier>
    </Filter>
    <Filter Include="Source Files\World">
      <UniqueIdentifier>{d8d53bbe-efff-447c-b515-feefef963be0}</UniqueIdentifier>
    </Filter>
    <Filter Include="Header Files\Window">
      <UniqueIdentifier>{1ed875b5-8518-491d-9e4f-6fcd001efdc8}</UniqueIdentifier>
    </Filter>
    <Filter Include="Source Files\Window">
      <UniqueIdentifier>{2f20de53-13f5-4c95-bc4e-c53355889174}</UniqueIdentifier>
    </Filter>
    <Filter Include="Header Files\Components">
      <UniqueIdentifier>{b36f0884-47b1-4ac6-aad5-de433b447bc1}</UniqueIdentifier>
    </Filter>
    <Filter Include="Source Files\Components">
      <UniqueIdentifier>{6cf01b17-1110-4033-b3cb-8139cfd9074b}</UniqueIdentifier>
    </Filter>
    <Filter Include="Source Files\Systems">
      <UniqueIdentifier>{f28beef9-6dac-4304-b7bb-4ab17153856d}</UniqueIdentifier>
    </Filter>
    <Filter Include="Header Files\Systems">
      <UniqueIdentifier>{d9ddabd2-0f2d-44cf-b5da-bd2e63154aa7}</UniqueIdentifier>
    </Filter>
    <Filter Include="Header Files\Prefabs">
      <UniqueIdentifier>{aa1bed5d-62eb-49e3-ad91-3eacf4dd6c73}</UniqueIdentifier>
    </Filter>
    <Filter Include="Source Files\Prefabs">
      <UniqueIdentifier>{618a07f7-1c3a-419c-8582-ed238c299535}</UniqueIdentifier>
    </Filter>
    <Filter Include="Header Files\Input">
      <UniqueIdentifier>{d4f2fe81-b389-4ce7-987f-42c30888cc70}</UniqueIdentifier>
    </Filter>
    <Filter Include="Source Files\Input">
      <UniqueIdentifier>{5f15ca51-c9b0-4ea3-b8c9-7fe052bc897e}</UniqueIdentifier>
    </Filter>
    <Filter Include="Header Files\Common">
      <UniqueIdentifier>{d5252ba6-47c7-4d03-839e-47db44909f06}</UniqueIdentifier>
    </Filter>
    <Filter Include="Source Files\Common">
      <UniqueIdentifier>{93aa5851-228d-4f61-8c45-9fa095d3df3f}</UniqueIdentifier>
    </Filter>
    <Filter Include="Header Files\Common\ResourceManagement">
      <UniqueIdentifier>{81d147ab-7856-417a-b38e-1d3c277cd945}</UniqueIdentifier>
    </Filter>
    <Filter Include="Source Files\Common\ResourceManagement">
      <UniqueIdentifier>{30868433-ae55-4132-896b-d4601d0ff8d7}</UniqueIdentifier>
    </Filter>
  </ItemGroup>
  <ItemGroup>
    <ClCompile Include="src\src\Main.cpp">
      <Filter>Source Files</Filter>
    </ClCompile>
    <ClCompile Include="src\src\Game.cpp">
      <Filter>Source Files</Filter>
    </ClCompile>
    <ClCompile Include="src\src\World\World.cpp">
      <Filter>Source Files\World</Filter>
    </ClCompile>
    <ClCompile Include="src\src\Window\Window.cpp">
      <Filter>Source Files\Window</Filter>
    </ClCompile>
    <ClCompile Include="src\src\World\GameWorld.cpp">
      <Filter>Source Files\World</Filter>
    </ClCompile>
    <ClCompile Include="src\src\Prefabs\ActorPrefab.cpp">
      <Filter>Source Files\Prefabs</Filter>
    </ClCompile>
    <ClCompile Include="src\src\Input\Keyboard.cpp">
      <Filter>Source Files\Input</Filter>
    </ClCompile>
    <ClCompile Include="src\src\Input\Mouse.cpp">
      <Filter>Source Files\Input</Filter>
    </ClCompile>
    <ClCompile Include="src\src\Input\PCInputDevice.cpp">
      <Filter>Source Files\Input</Filter>
    </ClCompile>
    <ClCompile Include="src\src\Systems\SpriteRenderSystem.cpp">
      <Filter>Source Files\Systems</Filter>
    </ClCompile>
    <ClCompile Include="src\src\Systems\ActorMovementSystem.cpp">
      <Filter>Source Files\Systems</Filter>
    </ClCompile>
    <ClCompile Include="src\src\Systems\PlayerControllerSystem.cpp">
      <Filter>Source Files\Systems</Filter>
    </ClCompile>
  </ItemGroup>
  <ItemGroup>
    <ClInclude Include="src\include\Game.h">
      <Filter>Header Files</Filter>
    </ClInclude>
    <ClInclude Include="src\include\Locator.h">
      <Filter>Header Files</Filter>
    </ClInclude>
    <ClInclude Include="src\include\World\World.h">
      <Filter>Header Files\World</Filter>
    </ClInclude>
    <ClInclude Include="src\include\Window\Window.h">
      <Filter>Header Files\Window</Filter>
    </ClInclude>
    <ClInclude Include="src\include\World\GameWorld.h">
      <Filter>Header Files\World</Filter>
    </ClInclude>
    <ClInclude Include="src\include\Components\TransformComponent.h">
      <Filter>Header Files\Components</Filter>
    </ClInclude>
    <ClInclude Include="src\include\Prefabs\ActorPrefab.h">
      <Filter>Header Files\Prefabs</Filter>
    </ClInclude>
    <ClInclude Include="src\include\Components\SpriteComponent.h">
      <Filter>Header Files\Components</Filter>
    </ClInclude>
    <ClInclude Include="src\include\Input\Keyboard.h">
      <Filter>Header Files\Input</Filter>
    </ClInclude>
    <ClInclude Include="src\include\Input\Mouse.h">
      <Filter>Header Files\Input</Filter>
    </ClInclude>
    <ClInclude Include="src\include\Input\IInputDevice.h">
      <Filter>Header Files\Input</Filter>
    </ClInclude>
    <ClInclude Include="src\include\Input\PCInputDevice.h">
      <Filter>Header Files\Input</Filter>
    </ClInclude>
    <ClInclude Include="src\include\Systems\ISystem.h">
      <Filter>Header Files\Systems</Filter>
    </ClInclude>
    <ClInclude Include="src\include\Systems\SpriteRenderSystem.h">
      <Filter>Header Files\Systems</Filter>
    </ClInclude>
    <ClInclude Include="src\include\Systems\ActorMovementSystem.h">
      <Filter>Header Files\Systems</Filter>
    </ClInclude>
    <ClInclude Include="src\include\Components\MovementComponent.h">
      <Filter>Header Files\Components</Filter>
    </ClInclude>
    <ClInclude Include="src\include\Common\ResourceManagement\TextureProvider.h">
      <Filter>Header Files\Common\ResourceManagement</Filter>
    </ClInclude>
    <ClInclude Include="src\include\Components\PlayerControllerComponent.h">
      <Filter>Header Files\Components</Filter>
    </ClInclude>
    <ClInclude Include="src\include\Components\CommonTags.h">
      <Filter>Header Files\Components</Filter>
    </ClInclude>
    <ClInclude Include="src\include\Systems\PlayerControllerSystem.h">
      <Filter>Header Files\Systems</Filter>
    </ClInclude>
    <ClInclude Include="src\include\Common\ResourceManagement\AnimationProvider.h">
      <Filter>Header Files\Common\ResourceManagement</Filter>
    </ClInclude>
  </ItemGroup>
</Project>